// !$*UTF8*$!
{
	archiveVersion = 1;
	classes = {
	};
	objectVersion = 56;
	objects = {

/* Begin PBXBuildFile section */
		A32257E029AF0C5E008C2B01 /* MovieRollApp.swift in Sources */ = {isa = PBXBuildFile; fileRef = A32257DF29AF0C5E008C2B01 /* MovieRollApp.swift */; };
		A32257E229AF0C5E008C2B01 /* ContentView.swift in Sources */ = {isa = PBXBuildFile; fileRef = A32257E129AF0C5E008C2B01 /* ContentView.swift */; };
		A32257E429AF0C61008C2B01 /* Assets.xcassets in Resources */ = {isa = PBXBuildFile; fileRef = A32257E329AF0C61008C2B01 /* Assets.xcassets */; };
		A32257E729AF0C61008C2B01 /* Preview Assets.xcassets in Resources */ = {isa = PBXBuildFile; fileRef = A32257E629AF0C61008C2B01 /* Preview Assets.xcassets */; };
		A32257F129AF0C61008C2B01 /* MovieRollTests.swift in Sources */ = {isa = PBXBuildFile; fileRef = A32257F029AF0C61008C2B01 /* MovieRollTests.swift */; };
		A32257FB29AF0C61008C2B01 /* MovieRollUITests.swift in Sources */ = {isa = PBXBuildFile; fileRef = A32257FA29AF0C61008C2B01 /* MovieRollUITests.swift */; };
		A32257FD29AF0C61008C2B01 /* MovieRollUITestsLaunchTests.swift in Sources */ = {isa = PBXBuildFile; fileRef = A32257FC29AF0C61008C2B01 /* MovieRollUITestsLaunchTests.swift */; };
/* End PBXBuildFile section */

/* Begin PBXContainerItemProxy section */
		A32257ED29AF0C61008C2B01 /* PBXContainerItemProxy */ = {
			isa = PBXContainerItemProxy;
			containerPortal = A32257D429AF0C5E008C2B01 /* Project object */;
			proxyType = 1;
			remoteGlobalIDString = A32257DB29AF0C5E008C2B01;
			remoteInfo = MovieRoll;
		};
		A32257F729AF0C61008C2B01 /* PBXContainerItemProxy */ = {
			isa = PBXContainerItemProxy;
			containerPortal = A32257D429AF0C5E008C2B01 /* Project object */;
			proxyType = 1;
			remoteGlobalIDString = A32257DB29AF0C5E008C2B01;
			remoteInfo = MovieRoll;
		};
/* End PBXContainerItemProxy section */

/* Begin PBXFileReference section */
		A32257DC29AF0C5E008C2B01 /* MovieRoll.app */ = {isa = PBXFileReference; explicitFileType = wrapper.application; includeInIndex = 0; path = MovieRoll.app; sourceTree = BUILT_PRODUCTS_DIR; };
		A32257DF29AF0C5E008C2B01 /* MovieRollApp.swift */ = {isa = PBXFileReference; lastKnownFileType = sourcecode.swift; path = MovieRollApp.swift; sourceTree = "<group>"; };
		A32257E129AF0C5E008C2B01 /* ContentView.swift */ = {isa = PBXFileReference; lastKnownFileType = sourcecode.swift; path = ContentView.swift; sourceTree = "<group>"; };
		A32257E329AF0C61008C2B01 /* Assets.xcassets */ = {isa = PBXFileReference; lastKnownFileType = folder.assetcatalog; path = Assets.xcassets; sourceTree = "<group>"; };
		A32257E629AF0C61008C2B01 /* Preview Assets.xcassets */ = {isa = PBXFileReference; lastKnownFileType = folder.assetcatalog; path = "Preview Assets.xcassets"; sourceTree = "<group>"; };
		A32257EC29AF0C61008C2B01 /* MovieRollTests.xctest */ = {isa = PBXFileReference; explicitFileType = wrapper.cfbundle; includeInIndex = 0; path = MovieRollTests.xctest; sourceTree = BUILT_PRODUCTS_DIR; };
		A32257F029AF0C61008C2B01 /* MovieRollTests.swift */ = {isa = PBXFileReference; lastKnownFileType = sourcecode.swift; path = MovieRollTests.swift; sourceTree = "<group>"; };
		A32257F629AF0C61008C2B01 /* MovieRollUITests.xctest */ = {isa = PBXFileReference; explicitFileType = wrapper.cfbundle; includeInIndex = 0; path = MovieRollUITests.xctest; sourceTree = BUILT_PRODUCTS_DIR; };
		A32257FA29AF0C61008C2B01 /* MovieRollUITests.swift */ = {isa = PBXFileReference; lastKnownFileType = sourcecode.swift; path = MovieRollUITests.swift; sourceTree = "<group>"; };
		A32257FC29AF0C61008C2B01 /* MovieRollUITestsLaunchTests.swift */ = {isa = PBXFileReference; lastKnownFileType = sourcecode.swift; path = MovieRollUITestsLaunchTests.swift; sourceTree = "<group>"; };
/* End PBXFileReference section */

/* Begin PBXFrameworksBuildPhase section */
		A32257D929AF0C5E008C2B01 /* Frameworks */ = {
			isa = PBXFrameworksBuildPhase;
			buildActionMask = 2147483647;
			files = (
			);
			runOnlyForDeploymentPostprocessing = 0;
		};
		A32257E929AF0C61008C2B01 /* Frameworks */ = {
			isa = PBXFrameworksBuildPhase;
			buildActionMask = 2147483647;
			files = (
			);
			runOnlyForDeploymentPostprocessing = 0;
		};
		A32257F329AF0C61008C2B01 /* Frameworks */ = {
			isa = PBXFrameworksBuildPhase;
			buildActionMask = 2147483647;
			files = (
			);
			runOnlyForDeploymentPostprocessing = 0;
		};
/* End PBXFrameworksBuildPhase section */

/* Begin PBXGroup section */
		A32257D329AF0C5E008C2B01 = {
			isa = PBXGroup;
			children = (
				A32257DE29AF0C5E008C2B01 /* MovieRoll */,
				A32257EF29AF0C61008C2B01 /* MovieRollTests */,
				A32257F929AF0C61008C2B01 /* MovieRollUITests */,
				A32257DD29AF0C5E008C2B01 /* Products */,
			);
			sourceTree = "<group>";
		};
		A32257DD29AF0C5E008C2B01 /* Products */ = {
			isa = PBXGroup;
			children = (
				A32257DC29AF0C5E008C2B01 /* MovieRoll.app */,
				A32257EC29AF0C61008C2B01 /* MovieRollTests.xctest */,
				A32257F629AF0C61008C2B01 /* MovieRollUITests.xctest */,
			);
			name = Products;
			sourceTree = "<group>";
		};
		A32257DE29AF0C5E008C2B01 /* MovieRoll */ = {
			isa = PBXGroup;
			children = (
				A32257DF29AF0C5E008C2B01 /* MovieRollApp.swift */,
				A32257E129AF0C5E008C2B01 /* ContentView.swift */,
				A32257E329AF0C61008C2B01 /* Assets.xcassets */,
				A32257E529AF0C61008C2B01 /* Preview Content */,
			);
			path = MovieRoll;
			sourceTree = "<group>";
		};
		A32257E529AF0C61008C2B01 /* Preview Content */ = {
			isa = PBXGroup;
			children = (
				A32257E629AF0C61008C2B01 /* Preview Assets.xcassets */,
			);
			path = "Preview Content";
			sourceTree = "<group>";
		};
		A32257EF29AF0C61008C2B01 /* MovieRollTests */ = {
			isa = PBXGroup;
			children = (
				A32257F029AF0C61008C2B01 /* MovieRollTests.swift */,
			);
			path = MovieRollTests;
			sourceTree = "<group>";
		};
		A32257F929AF0C61008C2B01 /* MovieRollUITests */ = {
			isa = PBXGroup;
			children = (
				A32257FA29AF0C61008C2B01 /* MovieRollUITests.swift */,
				A32257FC29AF0C61008C2B01 /* MovieRollUITestsLaunchTests.swift */,
			);
			path = MovieRollUITests;
			sourceTree = "<group>";
		};
/* End PBXGroup section */

/* Begin PBXNativeTarget section */
		A32257DB29AF0C5E008C2B01 /* MovieRoll */ = {
			isa = PBXNativeTarget;
			buildConfigurationList = A322580029AF0C61008C2B01 /* Build configuration list for PBXNativeTarget "MovieRoll" */;
			buildPhases = (
				A32257D829AF0C5E008C2B01 /* Sources */,
				A32257D929AF0C5E008C2B01 /* Frameworks */,
				A32257DA29AF0C5E008C2B01 /* Resources */,
			);
			buildRules = (
			);
			dependencies = (
			);
			name = MovieRoll;
			productName = MovieRoll;
			productReference = A32257DC29AF0C5E008C2B01 /* MovieRoll.app */;
			productType = "com.apple.product-type.application";
		};
		A32257EB29AF0C61008C2B01 /* MovieRollTests */ = {
			isa = PBXNativeTarget;
			buildConfigurationList = A322580329AF0C61008C2B01 /* Build configuration list for PBXNativeTarget "MovieRollTests" */;
			buildPhases = (
				A32257E829AF0C61008C2B01 /* Sources */,
				A32257E929AF0C61008C2B01 /* Frameworks */,
				A32257EA29AF0C61008C2B01 /* Resources */,
			);
			buildRules = (
			);
			dependencies = (
				A32257EE29AF0C61008C2B01 /* PBXTargetDependency */,
			);
			name = MovieRollTests;
			productName = MovieRollTests;
			productReference = A32257EC29AF0C61008C2B01 /* MovieRollTests.xctest */;
			productType = "com.apple.product-type.bundle.unit-test";
		};
		A32257F529AF0C61008C2B01 /* MovieRollUITests */ = {
			isa = PBXNativeTarget;
			buildConfigurationList = A322580629AF0C61008C2B01 /* Build configuration list for PBXNativeTarget "MovieRollUITests" */;
			buildPhases = (
				A32257F229AF0C61008C2B01 /* Sources */,
				A32257F329AF0C61008C2B01 /* Frameworks */,
				A32257F429AF0C61008C2B01 /* Resources */,
			);
			buildRules = (
			);
			dependencies = (
				A32257F829AF0C61008C2B01 /* PBXTargetDependency */,
			);
			name = MovieRollUITests;
			productName = MovieRollUITests;
			productReference = A32257F629AF0C61008C2B01 /* MovieRollUITests.xctest */;
			productType = "com.apple.product-type.bundle.ui-testing";
		};
/* End PBXNativeTarget section */

/* Begin PBXProject section */
		A32257D429AF0C5E008C2B01 /* Project object */ = {
			isa = PBXProject;
			attributes = {
				BuildIndependentTargetsInParallel = 1;
				LastSwiftUpdateCheck = 1420;
				LastUpgradeCheck = 1420;
				TargetAttributes = {
					A32257DB29AF0C5E008C2B01 = {
						CreatedOnToolsVersion = 14.2;
					};
					A32257EB29AF0C61008C2B01 = {
						CreatedOnToolsVersion = 14.2;
						TestTargetID = A32257DB29AF0C5E008C2B01;
					};
					A32257F529AF0C61008C2B01 = {
						CreatedOnToolsVersion = 14.2;
						TestTargetID = A32257DB29AF0C5E008C2B01;
					};
				};
			};
			buildConfigurationList = A32257D729AF0C5E008C2B01 /* Build configuration list for PBXProject "MovieRoll" */;
			compatibilityVersion = "Xcode 14.0";
			developmentRegion = en;
			hasScannedForEncodings = 0;
			knownRegions = (
				en,
				Base,
			);
			mainGroup = A32257D329AF0C5E008C2B01;
			productRefGroup = A32257DD29AF0C5E008C2B01 /* Products */;
			projectDirPath = "";
			projectRoot = "";
			targets = (
				A32257DB29AF0C5E008C2B01 /* MovieRoll */,
				A32257EB29AF0C61008C2B01 /* MovieRollTests */,
				A32257F529AF0C61008C2B01 /* MovieRollUITests */,
			);
		};
/* End PBXProject section */

/* Begin PBXResourcesBuildPhase section */
		A32257DA29AF0C5E008C2B01 /* Resources */ = {
			isa = PBXResourcesBuildPhase;
			buildActionMask = 2147483647;
			files = (
				A32257E729AF0C61008C2B01 /* Preview Assets.xcassets in Resources */,
				A32257E429AF0C61008C2B01 /* Assets.xcassets in Resources */,
			);
			runOnlyForDeploymentPostprocessing = 0;
		};
		A32257EA29AF0C61008C2B01 /* Resources */ = {
			isa = PBXResourcesBuildPhase;
			buildActionMask = 2147483647;
			files = (
			);
			runOnlyForDeploymentPostprocessing = 0;
		};
		A32257F429AF0C61008C2B01 /* Resources */ = {
			isa = PBXResourcesBuildPhase;
			buildActionMask = 2147483647;
			files = (
			);
			runOnlyForDeploymentPostprocessing = 0;
		};
/* End PBXResourcesBuildPhase section */

/* Begin PBXSourcesBuildPhase section */
		A32257D829AF0C5E008C2B01 /* Sources */ = {
			isa = PBXSourcesBuildPhase;
			buildActionMask = 2147483647;
			files = (
				A32257E229AF0C5E008C2B01 /* ContentView.swift in Sources */,
				A32257E029AF0C5E008C2B01 /* MovieRollApp.swift in Sources */,
			);
			runOnlyForDeploymentPostprocessing = 0;
		};
		A32257E829AF0C61008C2B01 /* Sources */ = {
			isa = PBXSourcesBuildPhase;
			buildActionMask = 2147483647;
			files = (
				A32257F129AF0C61008C2B01 /* MovieRollTests.swift in Sources */,
			);
			runOnlyForDeploymentPostprocessing = 0;
		};
		A32257F229AF0C61008C2B01 /* Sources */ = {
			isa = PBXSourcesBuildPhase;
			buildActionMask = 2147483647;
			files = (
				A32257FD29AF0C61008C2B01 /* MovieRollUITestsLaunchTests.swift in Sources */,
				A32257FB29AF0C61008C2B01 /* MovieRollUITests.swift in Sources */,
			);
			runOnlyForDeploymentPostprocessing = 0;
		};
/* End PBXSourcesBuildPhase section */

/* Begin PBXTargetDependency section */
		A32257EE29AF0C61008C2B01 /* PBXTargetDependency */ = {
			isa = PBXTargetDependency;
			target = A32257DB29AF0C5E008C2B01 /* MovieRoll */;
			targetProxy = A32257ED29AF0C61008C2B01 /* PBXContainerItemProxy */;
		};
		A32257F829AF0C61008C2B01 /* PBXTargetDependency */ = {
			isa = PBXTargetDependency;
			target = A32257DB29AF0C5E008C2B01 /* MovieRoll */;
			targetProxy = A32257F729AF0C61008C2B01 /* PBXContainerItemProxy */;
		};
/* End PBXTargetDependency section */

/* Begin XCBuildConfiguration section */
		A32257FE29AF0C61008C2B01 /* Debug */ = {
			isa = XCBuildConfiguration;
			buildSettings = {
				ALWAYS_SEARCH_USER_PATHS = NO;
				CLANG_ANALYZER_NONNULL = YES;
				CLANG_ANALYZER_NUMBER_OBJECT_CONVERSION = YES_AGGRESSIVE;
				CLANG_CXX_LANGUAGE_STANDARD = "gnu++20";
				CLANG_ENABLE_MODULES = YES;
				CLANG_ENABLE_OBJC_ARC = YES;
				CLANG_ENABLE_OBJC_WEAK = YES;
				CLANG_WARN_BLOCK_CAPTURE_AUTORELEASING = YES;
				CLANG_WARN_BOOL_CONVERSION = YES;
				CLANG_WARN_COMMA = YES;
				CLANG_WARN_CONSTANT_CONVERSION = YES;
				CLANG_WARN_DEPRECATED_OBJC_IMPLEMENTATIONS = YES;
				CLANG_WARN_DIRECT_OBJC_ISA_USAGE = YES_ERROR;
				CLANG_WARN_DOCUMENTATION_COMMENTS = YES;
				CLANG_WARN_EMPTY_BODY = YES;
				CLANG_WARN_ENUM_CONVERSION = YES;
				CLANG_WARN_INFINITE_RECURSION = YES;
				CLANG_WARN_INT_CONVERSION = YES;
				CLANG_WARN_NON_LITERAL_NULL_CONVERSION = YES;
				CLANG_WARN_OBJC_IMPLICIT_RETAIN_SELF = YES;
				CLANG_WARN_OBJC_LITERAL_CONVERSION = YES;
				CLANG_WARN_OBJC_ROOT_CLASS = YES_ERROR;
				CLANG_WARN_QUOTED_INCLUDE_IN_FRAMEWORK_HEADER = YES;
				CLANG_WARN_RANGE_LOOP_ANALYSIS = YES;
				CLANG_WARN_STRICT_PROTOTYPES = YES;
				CLANG_WARN_SUSPICIOUS_MOVE = YES;
				CLANG_WARN_UNGUARDED_AVAILABILITY = YES_AGGRESSIVE;
				CLANG_WARN_UNREACHABLE_CODE = YES;
				CLANG_WARN__DUPLICATE_METHOD_MATCH = YES;
				COPY_PHASE_STRIP = NO;
				DEBUG_INFORMATION_FORMAT = dwarf;
				ENABLE_STRICT_OBJC_MSGSEND = YES;
				ENABLE_TESTABILITY = YES;
				GCC_C_LANGUAGE_STANDARD = gnu11;
				GCC_DYNAMIC_NO_PIC = NO;
				GCC_NO_COMMON_BLOCKS = YES;
				GCC_OPTIMIZATION_LEVEL = 0;
				GCC_PREPROCESSOR_DEFINITIONS = (
					"DEBUG=1",
					"$(inherited)",
				);
				GCC_WARN_64_TO_32_BIT_CONVERSION = YES;
				GCC_WARN_ABOUT_RETURN_TYPE = YES_ERROR;
				GCC_WARN_UNDECLARED_SELECTOR = YES;
				GCC_WARN_UNINITIALIZED_AUTOS = YES_AGGRESSIVE;
				GCC_WARN_UNUSED_FUNCTION = YES;
				GCC_WARN_UNUSED_VARIABLE = YES;
				IPHONEOS_DEPLOYMENT_TARGET = 16.2;
				MTL_ENABLE_DEBUG_INFO = INCLUDE_SOURCE;
				MTL_FAST_MATH = YES;
				ONLY_ACTIVE_ARCH = YES;
				SDKROOT = iphoneos;
				SWIFT_ACTIVE_COMPILATION_CONDITIONS = DEBUG;
				SWIFT_OPTIMIZATION_LEVEL = "-Onone";
			};
			name = Debug;
		};
		A32257FF29AF0C61008C2B01 /* Release */ = {
			isa = XCBuildConfiguration;
			buildSettings = {
				ALWAYS_SEARCH_USER_PATHS = NO;
				CLANG_ANALYZER_NONNULL = YES;
				CLANG_ANALYZER_NUMBER_OBJECT_CONVERSION = YES_AGGRESSIVE;
				CLANG_CXX_LANGUAGE_STANDARD = "gnu++20";
				CLANG_ENABLE_MODULES = YES;
				CLANG_ENABLE_OBJC_ARC = YES;
				CLANG_ENABLE_OBJC_WEAK = YES;
				CLANG_WARN_BLOCK_CAPTURE_AUTORELEASING = YES;
				CLANG_WARN_BOOL_CONVERSION = YES;
				CLANG_WARN_COMMA = YES;
				CLANG_WARN_CONSTANT_CONVERSION = YES;
				CLANG_WARN_DEPRECATED_OBJC_IMPLEMENTATIONS = YES;
				CLANG_WARN_DIRECT_OBJC_ISA_USAGE = YES_ERROR;
				CLANG_WARN_DOCUMENTATION_COMMENTS = YES;
				CLANG_WARN_EMPTY_BODY = YES;
				CLANG_WARN_ENUM_CONVERSION = YES;
				CLANG_WARN_INFINITE_RECURSION = YES;
				CLANG_WARN_INT_CONVERSION = YES;
				CLANG_WARN_NON_LITERAL_NULL_CONVERSION = YES;
				CLANG_WARN_OBJC_IMPLICIT_RETAIN_SELF = YES;
				CLANG_WARN_OBJC_LITERAL_CONVERSION = YES;
				CLANG_WARN_OBJC_ROOT_CLASS = YES_ERROR;
				CLANG_WARN_QUOTED_INCLUDE_IN_FRAMEWORK_HEADER = YES;
				CLANG_WARN_RANGE_LOOP_ANALYSIS = YES;
				CLANG_WARN_STRICT_PROTOTYPES = YES;
				CLANG_WARN_SUSPICIOUS_MOVE = YES;
				CLANG_WARN_UNGUARDED_AVAILABILITY = YES_AGGRESSIVE;
				CLANG_WARN_UNREACHABLE_CODE = YES;
				CLANG_WARN__DUPLICATE_METHOD_MATCH = YES;
				COPY_PHASE_STRIP = NO;
				DEBUG_INFORMATION_FORMAT = "dwarf-with-dsym";
				ENABLE_NS_ASSERTIONS = NO;
				ENABLE_STRICT_OBJC_MSGSEND = YES;
				GCC_C_LANGUAGE_STANDARD = gnu11;
				GCC_NO_COMMON_BLOCKS = YES;
				GCC_WARN_64_TO_32_BIT_CONVERSION = YES;
				GCC_WARN_ABOUT_RETURN_TYPE = YES_ERROR;
				GCC_WARN_UNDECLARED_SELECTOR = YES;
				GCC_WARN_UNINITIALIZED_AUTOS = YES_AGGRESSIVE;
				GCC_WARN_UNUSED_FUNCTION = YES;
				GCC_WARN_UNUSED_VARIABLE = YES;
				IPHONEOS_DEPLOYMENT_TARGET = 16.2;
				MTL_ENABLE_DEBUG_INFO = NO;
				MTL_FAST_MATH = YES;
				SDKROOT = iphoneos;
				SWIFT_COMPILATION_MODE = wholemodule;
				SWIFT_OPTIMIZATION_LEVEL = "-O";
				VALIDATE_PRODUCT = YES;
			};
			name = Release;
		};
		A322580129AF0C61008C2B01 /* Debug */ = {
			isa = XCBuildConfiguration;
			buildSettings = {
				ASSETCATALOG_COMPILER_APPICON_NAME = AppIcon;
				ASSETCATALOG_COMPILER_GLOBAL_ACCENT_COLOR_NAME = AccentColor;
				CODE_SIGN_STYLE = Automatic;
				CURRENT_PROJECT_VERSION = 1;
				DEVELOPMENT_ASSET_PATHS = "\"MovieRoll/Preview Content\"";
				ENABLE_PREVIEWS = YES;
				GENERATE_INFOPLIST_FILE = YES;
				INFOPLIST_KEY_UIApplicationSceneManifest_Generation = YES;
				INFOPLIST_KEY_UIApplicationSupportsIndirectInputEvents = YES;
				INFOPLIST_KEY_UILaunchScreen_Generation = YES;
				INFOPLIST_KEY_UISupportedInterfaceOrientations_iPad = "UIInterfaceOrientationPortrait UIInterfaceOrientationPortraitUpsideDown UIInterfaceOrientationLandscapeLeft UIInterfaceOrientationLandscapeRight";
				INFOPLIST_KEY_UISupportedInterfaceOrientations_iPhone = "UIInterfaceOrientationPortrait UIInterfaceOrientationLandscapeLeft UIInterfaceOrientationLandscapeRight";
				LD_RUNPATH_SEARCH_PATHS = (
					"$(inherited)",
					"@executable_path/Frameworks",
				);
				MARKETING_VERSION = 1.0;
				PRODUCT_BUNDLE_IDENTIFIER = Me.MovieRoll;
				PRODUCT_NAME = "$(TARGET_NAME)";
				SWIFT_EMIT_LOC_STRINGS = YES;
				SWIFT_VERSION = 5.0;
				TARGETED_DEVICE_FAMILY = "1,2";
			};
			name = Debug;
		};
		A322580229AF0C61008C2B01 /* Release */ = {
			isa = XCBuildConfiguration;
			buildSettings = {
				ASSETCATALOG_COMPILER_APPICON_NAME = AppIcon;
				ASSETCATALOG_COMPILER_GLOBAL_ACCENT_COLOR_NAME = AccentColor;
				CODE_SIGN_STYLE = Automatic;
				CURRENT_PROJECT_VERSION = 1;
				DEVELOPMENT_ASSET_PATHS = "\"MovieRoll/Preview Content\"";
				ENABLE_PREVIEWS = YES;
				GENERATE_INFOPLIST_FILE = YES;
				INFOPLIST_KEY_UIApplicationSceneManifest_Generation = YES;
				INFOPLIST_KEY_UIApplicationSupportsIndirectInputEvents = YES;
				INFOPLIST_KEY_UILaunchScreen_Generation = YES;
				INFOPLIST_KEY_UISupportedInterfaceOrientations_iPad = "UIInterfaceOrientationPortrait UIInterfaceOrientationPortraitUpsideDown UIInterfaceOrientationLandscapeLeft UIInterfaceOrientationLandscapeRight";
				INFOPLIST_KEY_UISupportedInterfaceOrientations_iPhone = "UIInterfaceOrientationPortrait UIInterfaceOrientationLandscapeLeft UIInterfaceOrientationLandscapeRight";
				LD_RUNPATH_SEARCH_PATHS = (
					"$(inherited)",
					"@executable_path/Frameworks",
				);
				MARKETING_VERSION = 1.0;
				PRODUCT_BUNDLE_IDENTIFIER = Me.MovieRoll;
				PRODUCT_NAME = "$(TARGET_NAME)";
				SWIFT_EMIT_LOC_STRINGS = YES;
				SWIFT_VERSION = 5.0;
				TARGETED_DEVICE_FAMILY = "1,2";
			};
			name = Release;
		};
		A322580429AF0C61008C2B01 /* Debug */ = {
			isa = XCBuildConfiguration;
			buildSettings = {
				ALWAYS_EMBED_SWIFT_STANDARD_LIBRARIES = YES;
				BUNDLE_LOADER = "$(TEST_HOST)";
				CODE_SIGN_STYLE = Automatic;
				CURRENT_PROJECT_VERSION = 1;
				GENERATE_INFOPLIST_FILE = YES;
				IPHONEOS_DEPLOYMENT_TARGET = 16.2;
				MARKETING_VERSION = 1.0;
				PRODUCT_BUNDLE_IDENTIFIER = Me.MovieRollTests;
				PRODUCT_NAME = "$(TARGET_NAME)";
				SWIFT_EMIT_LOC_STRINGS = NO;
				SWIFT_VERSION = 5.0;
				TARGETED_DEVICE_FAMILY = "1,2";
				TEST_HOST = "$(BUILT_PRODUCTS_DIR)/MovieRoll.app/$(BUNDLE_EXECUTABLE_FOLDER_PATH)/MovieRoll";
			};
			name = Debug;
		};
		A322580529AF0C61008C2B01 /* Release */ = {
			isa = XCBuildConfiguration;
			buildSettings = {
				ALWAYS_EMBED_SWIFT_STANDARD_LIBRARIES = YES;
				BUNDLE_LOADER = "$(TEST_HOST)";
				CODE_SIGN_STYLE = Automatic;
				CURRENT_PROJECT_VERSION = 1;
				GENERATE_INFOPLIST_FILE = YES;
				IPHONEOS_DEPLOYMENT_TARGET = 16.2;
				MARKETING_VERSION = 1.0;
				PRODUCT_BUNDLE_IDENTIFIER = Me.MovieRollTests;
				PRODUCT_NAME = "$(TARGET_NAME)";
				SWIFT_EMIT_LOC_STRINGS = NO;
				SWIFT_VERSION = 5.0;
				TARGETED_DEVICE_FAMILY = "1,2";
				TEST_HOST = "$(BUILT_PRODUCTS_DIR)/MovieRoll.app/$(BUNDLE_EXECUTABLE_FOLDER_PATH)/MovieRoll";
			};
			name = Release;
		};
		A322580729AF0C61008C2B01 /* Debug */ = {
			isa = XCBuildConfiguration;
			buildSettings = {
				ALWAYS_EMBED_SWIFT_STANDARD_LIBRARIES = YES;
				CODE_SIGN_STYLE = Automatic;
				CURRENT_PROJECT_VERSION = 1;
				GENERATE_INFOPLIST_FILE = YES;
				MARKETING_VERSION = 1.0;
				PRODUCT_BUNDLE_IDENTIFIER = Me.MovieRollUITests;
				PRODUCT_NAME = "$(TARGET_NAME)";
				SWIFT_EMIT_LOC_STRINGS = NO;
				SWIFT_VERSION = 5.0;
				TARGETED_DEVICE_FAMILY = "1,2";
				TEST_TARGET_NAME = MovieRoll;
			};
			name = Debug;
		};
		A322580829AF0C61008C2B01 /* Release */ = {
			isa = XCBuildConfiguration;
			buildSettings = {
				ALWAYS_EMBED_SWIFT_STANDARD_LIBRARIES = YES;
				CODE_SIGN_STYLE = Automatic;
				CURRENT_PROJECT_VERSION = 1;
				GENERATE_INFOPLIST_FILE = YES;
				MARKETING_VERSION = 1.0;
				PRODUCT_BUNDLE_IDENTIFIER = Me.MovieRollUITests;
				PRODUCT_NAME = "$(TARGET_NAME)";
				SWIFT_EMIT_LOC_STRINGS = NO;
				SWIFT_VERSION = 5.0;
				TARGETED_DEVICE_FAMILY = "1,2";
				TEST_TARGET_NAME = MovieRoll;
			};
			name = Release;
		};
/* End XCBuildConfiguration section */

/* Begin XCConfigurationList section */
		A32257D729AF0C5E008C2B01 /* Build configuration list for PBXProject "MovieRoll" */ = {
			isa = XCConfigurationList;
			buildConfigurations = (
				A32257FE29AF0C61008C2B01 /* Debug */,
				A32257FF29AF0C61008C2B01 /* Release */,
			);
			defaultConfigurationIsVisible = 0;
			defaultConfigurationName = Release;
		};
		A322580029AF0C61008C2B01 /* Build configuration list for PBXNativeTarget "MovieRoll" */ = {
			isa = XCConfigurationList;
			buildConfigurations = (
				A322580129AF0C61008C2B01 /* Debug */,
				A322580229AF0C61008C2B01 /* Release */,
			);
			defaultConfigurationIsVisible = 0;
			defaultConfigurationName = Release;
		};
		A322580329AF0C61008C2B01 /* Build configuration list for PBXNativeTarget "MovieRollTests" */ = {
			isa = XCConfigurationList;
			buildConfigurations = (
				A322580429AF0C61008C2B01 /* Debug */,
				A322580529AF0C61008C2B01 /* Release */,
			);
			defaultConfigurationIsVisible = 0;
			defaultConfigurationName = Release;
		};
		A322580629AF0C61008C2B01 /* Build configuration list for PBXNativeTarget "MovieRollUITests" */ = {
			isa = XCConfigurationList;
			buildConfigurations = (
				A322580729AF0C61008C2B01 /* Debug */,
				A322580829AF0C61008C2B01 /* Release */,
			);
			defaultConfigurationIsVisible = 0;
			defaultConfigurationName = Release;
		};
/* End XCConfigurationList section */
	};
	rootObject = A32257D429AF0C5E008C2B01 /* Project object */;
}
